Microsoft Visual Studio Solution File, Format Version 12.00
# Visual Studio 2013
VisualStudioVersion = 12.0.21005.1
MinimumVisualStudioVersion = 10.0.40219.1
Project("{FAE04EC0-301F-11D3-BF4B-00C04F79EFBC}") = "T155725", "T155725\T155725.csproj", "{459E7770-97B9-42B5-88C3-48D7D3F29178}"
EndProject
Project("{FAE04EC0-301F-11D3-BF4B-00C04F79EFBC}") = "ReportServer.ConnectionProviders", "ReportServer.ConnectionProviders\ReportServer.ConnectionProviders.csproj", "{62384E1E-283F-4F80-87BD-0DD439EB3FEE}"
EndProject
Global
	GlobalSection(SolutionConfigurationPlatforms) = preSolution
		Debug|Any CPU = Debug|Any CPU
		Release|Any CPU = Release|Any CPU
	EndGlobalSection
	GlobalSection(ProjectConfigurationPlatforms) = postSolution
		{459E7770-97B9-42B5-88C3-48D7D3F29178}.Debug|Any CPU.ActiveCfg = Debug|Any CPU
		{459E7770-97B9-42B5-88C3-48D7D3F29178}.Debug|Any CPU.Build.0 = Debug|Any CPU
		{459E7770-97B9-42B5-88C3-48D7D3F29178}.Release|Any CPU.ActiveCfg = Release|Any CPU
		{459E7770-97B9-42B5-88C3-48D7D3F29178}.Release|Any CPU.Build.0 = Release|Any CPU
		{62384E1E-283F-4F80-87BD-0DD439EB3FEE}.Debug|Any CPU.ActiveCfg = Debug|Any CPU
		{62384E1E-283F-4F80-87BD-0DD439EB3FEE}.Debug|Any CPU.Build.0 = Debug|Any CPU
		{62384E1E-283F-4F80-87BD-0DD439EB3FEE}.Release|Any CPU.ActiveCfg = Release|Any CPU
		{62384E1E-283F-4F80-87BD-0DD439EB3FEE}.Release|Any CPU.Build.0 = Release|Any CPU
	EndGlobalSection
	GlobalSection(SolutionProperties) = preSolution
		HideSolutionNode = FALSE
	EndGlobalSection
EndGlobal
